
Microsoft Visual Studio Solution File, Format Version 12.00
# Visual Studio Version 17
VisualStudioVersion = 17.13.36105.23
MinimumVisualStudioVersion = 10.0.40219.1
Project("{FAE04EC0-301F-11D3-BF4B-00C04F79EFBC}") = "ToDoConsole", "ToDoConsole\ToDoConsole.csproj", "{DDC121A1-D166-47AA-9A4A-FBEAE31C3CAC}"
EndProject
Project("{2150E333-8FDC-42A3-9474-1A3956D46DE8}") = "Solution Items", "Solution Items", "{02EA681E-C7D8-13C7-8484-4AC65E1B71E8}"
	ProjectSection(SolutionItems) = preProject
		.editorconfig = .editorconfig
	EndProjectSection
EndProject
Global
	GlobalSection(SolutionConfigurationPlatforms) = preSolution
		Debug|Any CPU = Debug|Any CPU
		Release|Any CPU = Release|Any CPU
	EndGlobalSection
	GlobalSection(ProjectConfigurationPlatforms) = postSolution
		{DDC121A1-D166-47AA-9A4A-FBEAE31C3CAC}.Debug|Any CPU.ActiveCfg = Debug|Any CPU
		{DDC121A1-D166-47AA-9A4A-FBEAE31C3CAC}.Debug|Any CPU.Build.0 = Debug|Any CPU
		{DDC121A1-D166-47AA-9A4A-FBEAE31C3CAC}.Release|Any CPU.ActiveCfg = Release|Any CPU
		{DDC121A1-D166-47AA-9A4A-FBEAE31C3CAC}.Release|Any CPU.Build.0 = Release|Any CPU
	EndGlobalSection
	GlobalSection(SolutionProperties) = preSolution
		HideSolutionNode = FALSE
	EndGlobalSection
	GlobalSection(ExtensibilityGlobals) = postSolution
		SolutionGuid = {8128C5FF-5876-4674-9780-A969EA89BCB3}
	EndGlobalSection
EndGlobal
